
Microsoft Visual Studio Solution File, Format Version 12.00
# Visual Studio Version 16
VisualStudioVersion = 16.0.31729.503
MinimumVisualStudioVersion = 10.0.40219.1
Project("{FAE04EC0-301F-11D3-BF4B-00C04F79EFBC}") = "HelloWorld", "HelloWorld\HelloWorld.csproj", "{3A189E1B-A8C9-4F9C-AD14-6AE7FC4E24AA}"
EndProject
Global
	GlobalSection(SolutionConfigurationPlatforms) = preSolution
		Debug|Any CPU = Debug|Any CPU
		Release|Any CPU = Release|Any CPU
	EndGlobalSection
	GlobalSection(ProjectConfigurationPlatforms) = postSolution
		{3A189E1B-A8C9-4F9C-AD14-6AE7FC4E24AA}.Debug|Any CPU.ActiveCfg = Debug|Any CPU
		{3A189E1B-A8C9-4F9C-AD14-6AE7FC4E24AA}.Debug|Any CPU.Build.0 = Debug|Any CPU
		{3A189E1B-A8C9-4F9C-AD14-6AE7FC4E24AA}.Release|Any CPU.ActiveCfg = Release|Any CPU
		{3A189E1B-A8C9-4F9C-AD14-6AE7FC4E24AA}.Release|Any CPU.Build.0 = Release|Any CPU
	EndGlobalSection
	GlobalSection(SolutionProperties) = preSolution
		HideSolutionNode = FALSE
	EndGlobalSection
	GlobalSection(ExtensibilityGlobals) = postSolution
		SolutionGuid = {A76797DB-2EA0-48F1-9201-AF7C0D7FF191}
	EndGlobalSection
EndGlobal
